
Microsoft Visual Studio Solution File, Format Version 12.00
# Visual Studio Version 16
VisualStudioVersion = 16.0.30503.244
MinimumVisualStudioVersion = 10.0.40219.1
Project("{FAE04EC0-301F-11D3-BF4B-00C04F79EFBC}") = "superClassMethod", "superClassMethod\superClassMethod.csproj", "{DB8104D9-6C5C-4134-A2E4-ADA21767F224}"
EndProject
Global
	GlobalSection(SolutionConfigurationPlatforms) = preSolution
		Debug|Any CPU = Debug|Any CPU
		Release|Any CPU = Release|Any CPU
	EndGlobalSection
	GlobalSection(ProjectConfigurationPlatforms) = postSolution
		{DB8104D9-6C5C-4134-A2E4-ADA21767F224}.Debug|Any CPU.ActiveCfg = Debug|Any CPU
		{DB8104D9-6C5C-4134-A2E4-ADA21767F224}.Debug|Any CPU.Build.0 = Debug|Any CPU
		{DB8104D9-6C5C-4134-A2E4-ADA21767F224}.Release|Any CPU.ActiveCfg = Release|Any CPU
		{DB8104D9-6C5C-4134-A2E4-ADA21767F224}.Release|Any CPU.Build.0 = Release|Any CPU
	EndGlobalSection
	GlobalSection(SolutionProperties) = preSolution
		HideSolutionNode = FALSE
	EndGlobalSection
	GlobalSection(ExtensibilityGlobals) = postSolution
		SolutionGuid = {3BE94C65-4BA4-4526-90C6-FC6172B510B5}
	EndGlobalSection
EndGlobal
