
Microsoft Visual Studio Solution File, Format Version 12.00
# Visual Studio Version 16
VisualStudioVersion = 16.0.30503.244
MinimumVisualStudioVersion = 10.0.40219.1
Project("{FAE04EC0-301F-11D3-BF4B-00C04F79EFBC}") = "CarInsurance", "CarInsurance\CarInsurance.csproj", "{382F1722-B5DA-4426-8EEB-3C5C1F825974}"
EndProject
Global
	GlobalSection(SolutionConfigurationPlatforms) = preSolution
		Debug|Any CPU = Debug|Any CPU
		Release|Any CPU = Release|Any CPU
	EndGlobalSection
	GlobalSection(ProjectConfigurationPlatforms) = postSolution
		{382F1722-B5DA-4426-8EEB-3C5C1F825974}.Debug|Any CPU.ActiveCfg = Debug|Any CPU
		{382F1722-B5DA-4426-8EEB-3C5C1F825974}.Debug|Any CPU.Build.0 = Debug|Any CPU
		{382F1722-B5DA-4426-8EEB-3C5C1F825974}.Release|Any CPU.ActiveCfg = Release|Any CPU
		{382F1722-B5DA-4426-8EEB-3C5C1F825974}.Release|Any CPU.Build.0 = Release|Any CPU
	EndGlobalSection
	GlobalSection(SolutionProperties) = preSolution
		HideSolutionNode = FALSE
	EndGlobalSection
	GlobalSection(ExtensibilityGlobals) = postSolution
		SolutionGuid = {05BFB12D-000B-42CD-BBEA-7DE8C1639A4A}
	EndGlobalSection
EndGlobal
