
Microsoft Visual Studio Solution File, Format Version 12.00
# Visual Studio Version 16
VisualStudioVersion = 16.0.30503.244
MinimumVisualStudioVersion = 10.0.40219.1
Project("{FAE04EC0-301F-11D3-BF4B-00C04F79EFBC}") = "exceptionPart2", "exceptionPart2\exceptionPart2.csproj", "{2706652F-927A-4DEE-B0F3-59007354DA60}"
EndProject
Global
	GlobalSection(SolutionConfigurationPlatforms) = preSolution
		Debug|Any CPU = Debug|Any CPU
		Release|Any CPU = Release|Any CPU
	EndGlobalSection
	GlobalSection(ProjectConfigurationPlatforms) = postSolution
		{2706652F-927A-4DEE-B0F3-59007354DA60}.Debug|Any CPU.ActiveCfg = Debug|Any CPU
		{2706652F-927A-4DEE-B0F3-59007354DA60}.Debug|Any CPU.Build.0 = Debug|Any CPU
		{2706652F-927A-4DEE-B0F3-59007354DA60}.Release|Any CPU.ActiveCfg = Release|Any CPU
		{2706652F-927A-4DEE-B0F3-59007354DA60}.Release|Any CPU.Build.0 = Release|Any CPU
	EndGlobalSection
	GlobalSection(SolutionProperties) = preSolution
		HideSolutionNode = FALSE
	EndGlobalSection
	GlobalSection(ExtensibilityGlobals) = postSolution
		SolutionGuid = {CC574008-6F8D-4C91-B8DD-CE9F0E6685AD}
	EndGlobalSection
EndGlobal
